
Microsoft Visual Studio Solution File, Format Version 12.00
# Visual Studio Version 17
VisualStudioVersion = 17.11.35327.3
MinimumVisualStudioVersion = 10.0.40219.1
Project("{2150E333-8FDC-42A3-9474-1A3956D46DE8}") = "src", "src", "{88D04B8B-7384-4CB6-82A0-5C31140A2C04}"
EndProject
Project("{FAE04EC0-301F-11D3-BF4B-00C04F79EFBC}") = "WebAPI", "WebAPI\WebAPI.csproj", "{D2A5492C-FE2D-4EC6-A592-5C1F04689936}"
EndProject
Global
	GlobalSection(SolutionConfigurationPlatforms) = preSolution
		Debug|Any CPU = Debug|Any CPU
		Release|Any CPU = Release|Any CPU
	EndGlobalSection
	GlobalSection(ProjectConfigurationPlatforms) = postSolution
		{D2A5492C-FE2D-4EC6-A592-5C1F04689936}.Debug|Any CPU.ActiveCfg = Debug|Any CPU
		{D2A5492C-FE2D-4EC6-A592-5C1F04689936}.Debug|Any CPU.Build.0 = Debug|Any CPU
		{D2A5492C-FE2D-4EC6-A592-5C1F04689936}.Release|Any CPU.ActiveCfg = Release|Any CPU
		{D2A5492C-FE2D-4EC6-A592-5C1F04689936}.Release|Any CPU.Build.0 = Release|Any CPU
	EndGlobalSection
	GlobalSection(SolutionProperties) = preSolution
		HideSolutionNode = FALSE
	EndGlobalSection
	GlobalSection(NestedProjects) = preSolution
		{D2A5492C-FE2D-4EC6-A592-5C1F04689936} = {88D04B8B-7384-4CB6-82A0-5C31140A2C04}
	EndGlobalSection
	GlobalSection(ExtensibilityGlobals) = postSolution
		SolutionGuid = {472C0C2D-E7A1-46BD-96E0-7EBEDB1D096A}
	EndGlobalSection
EndGlobal
